
Microsoft Visual Studio Solution File, Format Version 12.00
# Visual Studio 15
VisualStudioVersion = 15.0.28307.539
MinimumVisualStudioVersion = 10.0.40219.1
Project("{FAE04EC0-301F-11D3-BF4B-00C04F79EFBC}") = "YM", "YM.csproj", "{3B91E1BA-E1F6-42BA-9055-E0BFF2062724}"
EndProject
Global
	GlobalSection(SolutionConfigurationPlatforms) = preSolution
		Debug|Any CPU = Debug|Any CPU
		Release|Any CPU = Release|Any CPU
	EndGlobalSection
	GlobalSection(ProjectConfigurationPlatforms) = postSolution
		{3B91E1BA-E1F6-42BA-9055-E0BFF2062724}.Debug|Any CPU.ActiveCfg = Debug|Any CPU
		{3B91E1BA-E1F6-42BA-9055-E0BFF2062724}.Debug|Any CPU.Build.0 = Debug|Any CPU
		{3B91E1BA-E1F6-42BA-9055-E0BFF2062724}.Release|Any CPU.ActiveCfg = Release|Any CPU
		{3B91E1BA-E1F6-42BA-9055-E0BFF2062724}.Release|Any CPU.Build.0 = Release|Any CPU
	EndGlobalSection
	GlobalSection(SolutionProperties) = preSolution
		HideSolutionNode = FALSE
	EndGlobalSection
	GlobalSection(ExtensibilityGlobals) = postSolution
		SolutionGuid = {1E0B5475-BE20-4227-B85E-D884E51B376C}
	EndGlobalSection
EndGlobal
